
Microsoft Visual Studio Solution File, Format Version 11.00
# Visual Studio 2010
Project("{FAE04EC0-301F-11D3-BF4B-00C04F79EFBC}") = "TestWorld", "Assembly-CSharp.csproj", "{805114D8-C5F5-2218-9264-E03504BCFC85}"
EndProject
Project("{FAE04EC0-301F-11D3-BF4B-00C04F79EFBC}") = "TestWorld", "Assembly-CSharp-Editor.csproj", "{C2FB822C-83BA-76D7-0EAA-9C3D1EFD41FB}"
EndProject
Global
	GlobalSection(SolutionConfigurationPlatforms) = preSolution
		Debug|Any CPU = Debug|Any CPU
		Release|Any CPU = Release|Any CPU
	EndGlobalSection
	GlobalSection(ProjectConfigurationPlatforms) = postSolution
		{805114D8-C5F5-2218-9264-E03504BCFC85}.Debug|Any CPU.ActiveCfg = Debug|Any CPU
		{805114D8-C5F5-2218-9264-E03504BCFC85}.Debug|Any CPU.Build.0 = Debug|Any CPU
		{805114D8-C5F5-2218-9264-E03504BCFC85}.Release|Any CPU.ActiveCfg = Release|Any CPU
		{805114D8-C5F5-2218-9264-E03504BCFC85}.Release|Any CPU.Build.0 = Release|Any CPU
		{C2FB822C-83BA-76D7-0EAA-9C3D1EFD41FB}.Debug|Any CPU.ActiveCfg = Debug|Any CPU
		{C2FB822C-83BA-76D7-0EAA-9C3D1EFD41FB}.Debug|Any CPU.Build.0 = Debug|Any CPU
		{C2FB822C-83BA-76D7-0EAA-9C3D1EFD41FB}.Release|Any CPU.ActiveCfg = Release|Any CPU
		{C2FB822C-83BA-76D7-0EAA-9C3D1EFD41FB}.Release|Any CPU.Build.0 = Release|Any CPU
	EndGlobalSection
	GlobalSection(SolutionProperties) = preSolution
		HideSolutionNode = FALSE
	EndGlobalSection
	GlobalSection(MonoDevelopProperties) = preSolution
		StartupItem = Assembly-CSharp.csproj
	EndGlobalSection
EndGlobal
